
Microsoft Visual Studio Solution File, Format Version 12.00
# Visual Studio Version 17
VisualStudioVersion = 17.8.34525.116
MinimumVisualStudioVersion = 10.0.40219.1
Project("{FAE04EC0-301F-11D3-BF4B-00C04F79EFBC}") = "10.5", "10.5\10.5.csproj", "{677D4A6E-B809-40A1-86E9-89B4CA15E8F3}"
EndProject
Global
	GlobalSection(SolutionConfigurationPlatforms) = preSolution
		Debug|Any CPU = Debug|Any CPU
		Release|Any CPU = Release|Any CPU
	EndGlobalSection
	GlobalSection(ProjectConfigurationPlatforms) = postSolution
		{677D4A6E-B809-40A1-86E9-89B4CA15E8F3}.Debug|Any CPU.ActiveCfg = Debug|Any CPU
		{677D4A6E-B809-40A1-86E9-89B4CA15E8F3}.Debug|Any CPU.Build.0 = Debug|Any CPU
		{677D4A6E-B809-40A1-86E9-89B4CA15E8F3}.Release|Any CPU.ActiveCfg = Release|Any CPU
		{677D4A6E-B809-40A1-86E9-89B4CA15E8F3}.Release|Any CPU.Build.0 = Release|Any CPU
	EndGlobalSection
	GlobalSection(SolutionProperties) = preSolution
		HideSolutionNode = FALSE
	EndGlobalSection
	GlobalSection(ExtensibilityGlobals) = postSolution
		SolutionGuid = {29E1B187-464D-4496-844B-1BE4B3CBF719}
	EndGlobalSection
EndGlobal
